<?xml version="1.0" encoding="utf-8"?>
<Project ToolsVersion="4.0" xmlns="http://schemas.microsoft.com/developer/msbuild/2003">
  <ItemGroup>
    <Filter Include="Quelldateien">
      <UniqueIdentifier>{4FC737F1-C7A5-4376-A066-2A32D752A2FF}</UniqueIdentifier>
      <Extensions>cpp;c;cc;cxx;def;odl;idl;hpj;bat;asm;asmx</Extensions>
    </Filter>
    <Filter Include="Headerdateien">
      <UniqueIdentifier>{93995380-89BD-4b04-88EB-625FBE52EBFB}</UniqueIdentifier>
      <Extensions>h;hh;hpp;hxx;hm;inl;inc;ipp;xsd</Extensions>
    </Filter>
    <Filter Include="Ressourcendateien">
      <UniqueIdentifier>{67DA6AB6-F800-4c08-8B7A-83BB121AAD01}</UniqueIdentifier>
      <Extensions>rc;ico;cur;bmp;dlg;rc2;rct;bin;rgs;gif;jpg;jpeg;jpe;resx;tiff;tif;png;wav;mfcribbon-ms</Extensions>
    </Filter>
    <Filter Include="Ressourcendateien\graphics">
      <UniqueIdentifier>{97c735fa-df48-4050-8080-6f0a55e7a26c}</UniqueIdentifier>
    </Filter>
  </ItemGroup>
  <ItemGroup>
    <None Include="graphics\blastola_cola_even_16x16m.ega">
      <Filter>Ressourcendateien\graphics</Filter>
    </None>
    <None Include="graphics\blastola_cola_inventory_1_even_16x16m.ega">
      <Filter>Ressourcendateien\graphics</Filter>
    </None>
    <None Include="graphics\blastola_cola_inventory_1_odd_16x16m.ega">
      <Filter>Ressourcendateien\graphics</Filter>
    </None>
    <None Include="graphics\blastola_cola_inventory_2_even_16x16m.ega">
      <Filter>Ressourcendateien\graphics</Filter>
    </None>
    <None Include="graphics\blastola_cola_inventory_2_odd_16x16m.ega">
      <Filter>Ressourcendateien\graphics</Filter>
    </None>
    <None Include="graphics\blastola_cola_inventory_3_even_16x16m.ega">
      <Filter>Ressourcendateien\graphics</Filter>
    </None>
    <None Include="graphics\blastola_cola_inventory_3_odd_16x16m.ega">
      <Filter>Ressourcendateien\graphics</Filter>
    </None>
    <None Include="graphics\blastola_cola_inventory_4_even_16x16m.ega">
      <Filter>Ressourcendateien\graphics</Filter>
    </None>
    <None Include="graphics\blastola_cola_inventory_4_odd_16x16m.ega">
      <Filter>Ressourcendateien\graphics</Filter>
    </None>
    <None Include="graphics\blastola_cola_inventory_5_even_16x16m.ega">
      <Filter>Ressourcendateien\graphics</Filter>
    </None>
    <None Include="graphics\blastola_cola_inventory_5_odd_16x16m.ega">
      <Filter>Ressourcendateien\graphics</Filter>
    </None>
    <None Include="graphics\blastola_cola_odd_16x16m.ega">
      <Filter>Ressourcendateien\graphics</Filter>
    </None>
    <None Include="graphics\boots_even_16x16m.ega">
      <Filter>Ressourcendateien\graphics</Filter>
    </None>
    <None Include="graphics\boots_odd_16x16m.ega">
      <Filter>Ressourcendateien\graphics</Filter>
    </None>
    <None Include="graphics\comic_death_0_16x32m.ega">
      <Filter>Ressourcendateien\graphics</Filter>
    </None>
    <None Include="graphics\comic_death_1_16x32m.ega">
      <Filter>Ressourcendateien\graphics</Filter>
    </None>
    <None Include="graphics\comic_death_2_16x32m.ega">
      <Filter>Ressourcendateien\graphics</Filter>
    </None>
    <None Include="graphics\comic_death_3_16x32m.ega">
      <Filter>Ressourcendateien\graphics</Filter>
    </None>
    <None Include="graphics\comic_death_4_16x32m.ega">
      <Filter>Ressourcendateien\graphics</Filter>
    </None>
    <None Include="graphics\comic_death_5_16x32m.ega">
      <Filter>Ressourcendateien\graphics</Filter>
    </None>
    <None Include="graphics\comic_death_6_16x32m.ega">
      <Filter>Ressourcendateien\graphics</Filter>
    </None>
    <None Include="graphics\comic_death_7_16x32m.ega">
      <Filter>Ressourcendateien\graphics</Filter>
    </None>
    <None Include="graphics\comic_jumping_left_16x32m.ega">
      <Filter>Ressourcendateien\graphics</Filter>
    </None>
    <None Include="graphics\comic_jumping_right_16x32m.ega">
      <Filter>Ressourcendateien\graphics</Filter>
    </None>
    <None Include="graphics\comic_running_1_left_16x32m.ega">
      <Filter>Ressourcendateien\graphics</Filter>
    </None>
    <None Include="graphics\comic_running_1_right_16x32m.ega">
      <Filter>Ressourcendateien\graphics</Filter>
    </None>
    <None Include="graphics\comic_running_2_left_16x32m.ega">
      <Filter>Ressourcendateien\graphics</Filter>
    </None>
    <None Include="graphics\comic_running_2_right_16x32m.ega">
      <Filter>Ressourcendateien\graphics</Filter>
    </None>
    <None Include="graphics\comic_running_3_left_16x32m.ega">
      <Filter>Ressourcendateien\graphics</Filter>
    </None>
    <None Include="graphics\comic_running_3_right_16x32m.ega">
      <Filter>Ressourcendateien\graphics</Filter>
    </None>
    <None Include="graphics\comic_standing_left_16x32m.ega">
      <Filter>Ressourcendateien\graphics</Filter>
    </None>
    <None Include="graphics\comic_standing_right_16x32m.ega">
      <Filter>Ressourcendateien\graphics</Filter>
    </None>
    <None Include="graphics\corkscrew_even_16x16m.ega">
      <Filter>Ressourcendateien\graphics</Filter>
    </None>
    <None Include="graphics\corkscrew_odd_16x16m.ega">
      <Filter>Ressourcendateien\graphics</Filter>
    </None>
    <None Include="graphics\crown_even_16x16m.ega">
      <Filter>Ressourcendateien\graphics</Filter>
    </None>
    <None Include="graphics\crown_odd_16x16m.ega">
      <Filter>Ressourcendateien\graphics</Filter>
    </None>
    <None Include="graphics\door_key_even_16x16m.ega">
      <Filter>Ressourcendateien\graphics</Filter>
    </None>
    <None Include="graphics\door_key_odd_16x16m.ega">
      <Filter>Ressourcendateien\graphics</Filter>
    </None>
    <None Include="graphics\fireball_0_16x8m.ega">
      <Filter>Ressourcendateien\graphics</Filter>
    </None>
    <None Include="graphics\fireball_1_16x8m.ega">
      <Filter>Ressourcendateien\graphics</Filter>
    </None>
    <None Include="graphics\game_over_128x48.ega">
      <Filter>Ressourcendateien\graphics</Filter>
    </None>
    <None Include="graphics\gems_even_16x16m.ega">
      <Filter>Ressourcendateien\graphics</Filter>
    </None>
    <None Include="graphics\gems_odd_16x16m.ega">
      <Filter>Ressourcendateien\graphics</Filter>
    </None>
    <None Include="graphics\gold_even_16x16m.ega">
      <Filter>Ressourcendateien\graphics</Filter>
    </None>
    <None Include="graphics\gold_odd_16x16m.ega">
      <Filter>Ressourcendateien\graphics</Filter>
    </None>
    <None Include="graphics\high_scores_320x200.ega">
      <Filter>Ressourcendateien\graphics</Filter>
    </None>
    <None Include="graphics\Kseni_blastola_cola_even_16x16m.ega">
      <Filter>Ressourcendateien\graphics</Filter>
    </None>
    <None Include="graphics\Kseni_blastola_cola_odd_16x16m.ega">
      <Filter>Ressourcendateien\graphics</Filter>
    </None>
    <None Include="graphics\Kseni_boots_even_16x16m.ega">
      <Filter>Ressourcendateien\graphics</Filter>
    </None>
    <None Include="graphics\Kseni_boots_odd_16x16m.ega">
      <Filter>Ressourcendateien\graphics</Filter>
    </None>
    <None Include="graphics\Kseni_comic_jumping_left_16x32m.ega">
      <Filter>Ressourcendateien\graphics</Filter>
    </None>
    <None Include="graphics\Kseni_comic_jumping_right_16x32m.ega">
      <Filter>Ressourcendateien\graphics</Filter>
    </None>
    <None Include="graphics\Kseni_comic_running_1_left_16x32m.ega">
      <Filter>Ressourcendateien\graphics</Filter>
    </None>
    <None Include="graphics\Kseni_comic_running_1_right_16x32m.ega">
      <Filter>Ressourcendateien\graphics</Filter>
    </None>
    <None Include="graphics\Kseni_comic_running_2_left_16x32m.ega">
      <Filter>Ressourcendateien\graphics</Filter>
    </None>
    <None Include="graphics\Kseni_comic_running_2_right_16x32m.ega">
      <Filter>Ressourcendateien\graphics</Filter>
    </None>
    <None Include="graphics\Kseni_comic_running_3_left_16x32m.ega">
      <Filter>Ressourcendateien\graphics</Filter>
    </None>
    <None Include="graphics\Kseni_comic_running_3_right_16x32m.ega">
      <Filter>Ressourcendateien\graphics</Filter>
    </None>
    <None Include="graphics\Kseni_comic_standing_left_16x32m.ega">
      <Filter>Ressourcendateien\graphics</Filter>
    </None>
    <None Include="graphics\Kseni_comic_standing_right_16x32m.ega">
      <Filter>Ressourcendateien\graphics</Filter>
    </None>
    <None Include="graphics\Kseni_corkscrew_even_16x16m.ega">
      <Filter>Ressourcendateien\graphics</Filter>
    </None>
    <None Include="graphics\Kseni_corkscrew_odd_16x16m.ega">
      <Filter>Ressourcendateien\graphics</Filter>
    </None>
    <None Include="graphics\Kseni_crown_even_16x16m.ega">
      <Filter>Ressourcendateien\graphics</Filter>
    </None>
    <None Include="graphics\Kseni_crown_odd_16x16m.ega">
      <Filter>Ressourcendateien\graphics</Filter>
    </None>
    <None Include="graphics\Kseni_door_key_even_16x16m.ega">
      <Filter>Ressourcendateien\graphics</Filter>
    </None>
    <None Include="graphics\Kseni_door_key_odd_16x16m.ega">
      <Filter>Ressourcendateien\graphics</Filter>
    </None>
    <None Include="graphics\Kseni_game_over_128x48.ega">
      <Filter>Ressourcendateien\graphics</Filter>
    </None>
    <None Include="graphics\Kseni_gems_even_16x16m.ega">
      <Filter>Ressourcendateien\graphics</Filter>
    </None>
    <None Include="graphics\Kseni_gems_odd_16x16m.ega">
      <Filter>Ressourcendateien\graphics</Filter>
    </None>
    <None Include="graphics\Kseni_gold_even_16x16m.ega">
      <Filter>Ressourcendateien\graphics</Filter>
    </None>
    <None Include="graphics\Kseni_gold_odd_16x16m.ega">
      <Filter>Ressourcendateien\graphics</Filter>
    </None>
    <None Include="graphics\Kseni_lantern_even_16x16m.ega">
      <Filter>Ressourcendateien\graphics</Filter>
    </None>
    <None Include="graphics\Kseni_lantern_odd_16x16m.ega">
      <Filter>Ressourcendateien\graphics</Filter>
    </None>
    <None Include="graphics\Kseni_life_icon_bright_16x16m.ega">
      <Filter>Ressourcendateien\graphics</Filter>
    </None>
    <None Include="graphics\Kseni_life_icon_dark_16x16m.ega">
      <Filter>Ressourcendateien\graphics</Filter>
    </None>
    <None Include="graphics\Kseni_pause_128x48.ega">
      <Filter>Ressourcendateien\graphics</Filter>
    </None>
    <None Include="graphics\Kseni_shield_even_16x16m.ega">
      <Filter>Ressourcendateien\graphics</Filter>
    </None>
    <None Include="graphics\Kseni_shield_odd_16x16m.ega">
      <Filter>Ressourcendateien\graphics</Filter>
    </None>
    <None Include="graphics\Kseni_teleport_wand_even_16x16m.ega">
      <Filter>Ressourcendateien\graphics</Filter>
    </None>
    <None Include="graphics\Kseni_teleport_wand_odd_16x16m.ega">
      <Filter>Ressourcendateien\graphics</Filter>
    </None>
    <None Include="graphics\lantern_even_16x16m.ega">
      <Filter>Ressourcendateien\graphics</Filter>
    </None>
    <None Include="graphics\lantern_odd_16x16m.ega">
      <Filter>Ressourcendateien\graphics</Filter>
    </None>
    <None Include="graphics\life_icon_bright_16x16m.ega">
      <Filter>Ressourcendateien\graphics</Filter>
    </None>
    <None Include="graphics\life_icon_dark_16x16m.ega">
      <Filter>Ressourcendateien\graphics</Filter>
    </None>
    <None Include="graphics\materialize_0_16x32m.ega">
      <Filter>Ressourcendateien\graphics</Filter>
    </None>
    <None Include="graphics\materialize_1_16x32m.ega">
      <Filter>Ressourcendateien\graphics</Filter>
    </None>
    <None Include="graphics\materialize_2_16x32m.ega">
      <Filter>Ressourcendateien\graphics</Filter>
    </None>
    <None Include="graphics\materialize_3_16x32m.ega">
      <Filter>Ressourcendateien\graphics</Filter>
    </None>
    <None Include="graphics\materialize_4_16x32m.ega">
      <Filter>Ressourcendateien\graphics</Filter>
    </None>
    <None Include="graphics\materialize_5_16x32m.ega">
      <Filter>Ressourcendateien\graphics</Filter>
    </None>
    <None Include="graphics\materialize_6_16x32m.ega">
      <Filter>Ressourcendateien\graphics</Filter>
    </None>
    <None Include="graphics\materialize_7_16x32m.ega">
      <Filter>Ressourcendateien\graphics</Filter>
    </None>
    <None Include="graphics\materialize_8_16x32m.ega">
      <Filter>Ressourcendateien\graphics</Filter>
    </None>
    <None Include="graphics\materialize_9_16x32m.ega">
      <Filter>Ressourcendateien\graphics</Filter>
    </None>
    <None Include="graphics\materialize_10_16x32m.ega">
      <Filter>Ressourcendateien\graphics</Filter>
    </None>
    <None Include="graphics\materialize_11_16x32m.ega">
      <Filter>Ressourcendateien\graphics</Filter>
    </None>
    <None Include="graphics\meter_empty_8x16.ega">
      <Filter>Ressourcendateien\graphics</Filter>
    </None>
    <None Include="graphics\meter_full_8x16.ega">
      <Filter>Ressourcendateien\graphics</Filter>
    </None>
    <None Include="graphics\meter_half_8x16.ega">
      <Filter>Ressourcendateien\graphics</Filter>
    </None>
    <None Include="graphics\pause_128x48.ega">
      <Filter>Ressourcendateien\graphics</Filter>
    </None>
    <None Include="graphics\R4_comic_jumping_left_16x32m.ega">
      <Filter>Ressourcendateien\graphics</Filter>
    </None>
    <None Include="graphics\R4_comic_jumping_right_16x32m.ega">
      <Filter>Ressourcendateien\graphics</Filter>
    </None>
    <None Include="graphics\R4_comic_running_1_left_16x32m.ega">
      <Filter>Ressourcendateien\graphics</Filter>
    </None>
    <None Include="graphics\R4_comic_running_1_right_16x32m.ega">
      <Filter>Ressourcendateien\graphics</Filter>
    </None>
    <None Include="graphics\R4_comic_running_2_left_16x32m.ega">
      <Filter>Ressourcendateien\graphics</Filter>
    </None>
    <None Include="graphics\R4_comic_running_2_right_16x32m.ega">
      <Filter>Ressourcendateien\graphics</Filter>
    </None>
    <None Include="graphics\R4_comic_running_3_left_16x32m.ega">
      <Filter>Ressourcendateien\graphics</Filter>
    </None>
    <None Include="graphics\R4_comic_running_3_right_16x32m.ega">
      <Filter>Ressourcendateien\graphics</Filter>
    </None>
    <None Include="graphics\R4_comic_standing_left_16x32m.ega">
      <Filter>Ressourcendateien\graphics</Filter>
    </None>
    <None Include="graphics\R4_comic_standing_right_16x32m.ega">
      <Filter>Ressourcendateien\graphics</Filter>
    </None>
    <None Include="graphics\R4_game_over_128x48.ega">
      <Filter>Ressourcendateien\graphics</Filter>
    </None>
    <None Include="graphics\R4_pause_128x48.ega">
      <Filter>Ressourcendateien\graphics</Filter>
    </None>
    <None Include="graphics\red_spark_0_16x16m.ega">
      <Filter>Ressourcendateien\graphics</Filter>
    </None>
    <None Include="graphics\red_spark_1_16x16m.ega">
      <Filter>Ressourcendateien\graphics</Filter>
    </None>
    <None Include="graphics\red_spark_2_16x16m.ega">
      <Filter>Ressourcendateien\graphics</Filter>
    </None>
    <None Include="graphics\score_digit_0_8x16.ega">
      <Filter>Ressourcendateien\graphics</Filter>
    </None>
    <None Include="graphics\score_digit_1_8x16.ega">
      <Filter>Ressourcendateien\graphics</Filter>
    </None>
    <None Include="graphics\score_digit_2_8x16.ega">
      <Filter>Ressourcendateien\graphics</Filter>
    </None>
    <None Include="graphics\score_digit_3_8x16.ega">
      <Filter>Ressourcendateien\graphics</Filter>
    </None>
    <None Include="graphics\score_digit_4_8x16.ega">
      <Filter>Ressourcendateien\graphics</Filter>
    </None>
    <None Include="graphics\score_digit_5_8x16.ega">
      <Filter>Ressourcendateien\graphics</Filter>
    </None>
    <None Include="graphics\score_digit_6_8x16.ega">
      <Filter>Ressourcendateien\graphics</Filter>
    </None>
    <None Include="graphics\score_digit_7_8x16.ega">
      <Filter>Ressourcendateien\graphics</Filter>
    </None>
    <None Include="graphics\score_digit_8_8x16.ega">
      <Filter>Ressourcendateien\graphics</Filter>
    </None>
    <None Include="graphics\score_digit_9_8x16.ega">
      <Filter>Ressourcendateien\graphics</Filter>
    </None>
    <None Include="graphics\shield_even_16x16m.ega">
      <Filter>Ressourcendateien\graphics</Filter>
    </None>
    <None Include="graphics\shield_odd_16x16m.ega">
      <Filter>Ressourcendateien\graphics</Filter>
    </None>
    <None Include="graphics\teleport_0_16x32m.ega">
      <Filter>Ressourcendateien\graphics</Filter>
    </None>
    <None Include="graphics\teleport_1_16x32m.ega">
      <Filter>Ressourcendateien\graphics</Filter>
    </None>
    <None Include="graphics\teleport_2_16x32m.ega">
      <Filter>Ressourcendateien\graphics</Filter>
    </None>
    <None Include="graphics\teleport_wand_even_16x16m.ega">
      <Filter>Ressourcendateien\graphics</Filter>
    </None>
    <None Include="graphics\teleport_wand_odd_16x16m.ega">
      <Filter>Ressourcendateien\graphics</Filter>
    </None>
    <None Include="graphics\white_spark_0_16x16m.ega">
      <Filter>Ressourcendateien\graphics</Filter>
    </None>
    <None Include="graphics\white_spark_1_16x16m.ega">
      <Filter>Ressourcendateien\graphics</Filter>
    </None>
    <None Include="graphics\white_spark_2_16x16m.ega">
      <Filter>Ressourcendateien\graphics</Filter>
    </None>
  </ItemGroup>
  <ItemGroup>
    <ClCompile Include="comic.c">
      <Filter>Quelldateien</Filter>
    </ClCompile>
  </ItemGroup>
  <ItemGroup>
    <ClInclude Include="constants.h">
      <Filter>Quelldateien</Filter>
    </ClInclude>
    <ClInclude Include="data.h">
      <Filter>Quelldateien</Filter>
    </ClInclude>
    <ClInclude Include="levels.h">
      <Filter>Quelldateien</Filter>
    </ClInclude>
  </ItemGroup>
</Project>